
Microsoft Visual Studio Solution File, Format Version 12.00
Project("{FAE04EC0-301F-11D3-BF4B-00C04F79EFBC}") = "DNPExamPt2", "DNPExamPt2\DNPExamPt2.csproj", "{83092B60-33BD-4A7E-8761-4DDD0899BD99}"
EndProject
Project("{FAE04EC0-301F-11D3-BF4B-00C04F79EFBC}") = "EmployeeWeb", "EmployeeWeb\EmployeeWeb.csproj", "{ECCA3B52-EA31-43B6-B1AA-69D1A5170621}"
EndProject
Global
	GlobalSection(SolutionConfigurationPlatforms) = preSolution
		Debug|Any CPU = Debug|Any CPU
		Release|Any CPU = Release|Any CPU
	EndGlobalSection
	GlobalSection(ProjectConfigurationPlatforms) = postSolution
		{83092B60-33BD-4A7E-8761-4DDD0899BD99}.Debug|Any CPU.ActiveCfg = Debug|Any CPU
		{83092B60-33BD-4A7E-8761-4DDD0899BD99}.Debug|Any CPU.Build.0 = Debug|Any CPU
		{83092B60-33BD-4A7E-8761-4DDD0899BD99}.Release|Any CPU.ActiveCfg = Release|Any CPU
		{83092B60-33BD-4A7E-8761-4DDD0899BD99}.Release|Any CPU.Build.0 = Release|Any CPU
		{ECCA3B52-EA31-43B6-B1AA-69D1A5170621}.Debug|Any CPU.ActiveCfg = Debug|Any CPU
		{ECCA3B52-EA31-43B6-B1AA-69D1A5170621}.Debug|Any CPU.Build.0 = Debug|Any CPU
		{ECCA3B52-EA31-43B6-B1AA-69D1A5170621}.Release|Any CPU.ActiveCfg = Release|Any CPU
		{ECCA3B52-EA31-43B6-B1AA-69D1A5170621}.Release|Any CPU.Build.0 = Release|Any CPU
	EndGlobalSection
EndGlobal
